
Microsoft Visual Studio Solution File, Format Version 12.00
# Visual Studio Version 16
VisualStudioVersion = 16.0.33927.289
MinimumVisualStudioVersion = 10.0.40219.1
Project("{9A19103F-16F7-4668-BE54-9A1E7A4F7556}") = "MOMAAPP", "MOMAAPP\MOMAAPP.csproj", "{49F8F75D-B391-4BF4-AF2B-9CDABB6867F4}"
EndProject
Project("{FAE04EC0-301F-11D3-BF4B-00C04F79EFBC}") = "RDLCDesign", "RDLCDesign\RDLCDesign.csproj", "{FCFAC1E7-CFC8-4050-A627-7775527365D8}"
EndProject
Global
	GlobalSection(SolutionConfigurationPlatforms) = preSolution
		Debug|Any CPU = Debug|Any CPU
		Release|Any CPU = Release|Any CPU
	EndGlobalSection
	GlobalSection(ProjectConfigurationPlatforms) = postSolution
		{49F8F75D-B391-4BF4-AF2B-9CDABB6867F4}.Debug|Any CPU.ActiveCfg = Debug|Any CPU
		{49F8F75D-B391-4BF4-AF2B-9CDABB6867F4}.Debug|Any CPU.Build.0 = Debug|Any CPU
		{49F8F75D-B391-4BF4-AF2B-9CDABB6867F4}.Release|Any CPU.ActiveCfg = Release|Any CPU
		{49F8F75D-B391-4BF4-AF2B-9CDABB6867F4}.Release|Any CPU.Build.0 = Release|Any CPU
		{FCFAC1E7-CFC8-4050-A627-7775527365D8}.Debug|Any CPU.ActiveCfg = Debug|Any CPU
		{FCFAC1E7-CFC8-4050-A627-7775527365D8}.Debug|Any CPU.Build.0 = Debug|Any CPU
		{FCFAC1E7-CFC8-4050-A627-7775527365D8}.Release|Any CPU.ActiveCfg = Release|Any CPU
		{FCFAC1E7-CFC8-4050-A627-7775527365D8}.Release|Any CPU.Build.0 = Release|Any CPU
	EndGlobalSection
	GlobalSection(SolutionProperties) = preSolution
		HideSolutionNode = FALSE
	EndGlobalSection
	GlobalSection(ExtensibilityGlobals) = postSolution
		SolutionGuid = {975065CC-6BB4-46D4-9972-A0E43DCC865D}
	EndGlobalSection
EndGlobal
